
Microsoft Visual Studio Solution File, Format Version 12.00
# Visual Studio Version 16
VisualStudioVersion = 16.0.30621.155
MinimumVisualStudioVersion = 10.0.40219.1
Project("{9A19103F-16F7-4668-BE54-9A1E7A4F7556}") = "Livraria", "Livraria.csproj", "{00FF892B-7589-4CAE-A9FD-D68411C3178C}"
EndProject
Global
	GlobalSection(SolutionConfigurationPlatforms) = preSolution
		Debug|Any CPU = Debug|Any CPU
		Release|Any CPU = Release|Any CPU
	EndGlobalSection
	GlobalSection(ProjectConfigurationPlatforms) = postSolution
		{00FF892B-7589-4CAE-A9FD-D68411C3178C}.Debug|Any CPU.ActiveCfg = Debug|Any CPU
		{00FF892B-7589-4CAE-A9FD-D68411C3178C}.Debug|Any CPU.Build.0 = Debug|Any CPU
		{00FF892B-7589-4CAE-A9FD-D68411C3178C}.Release|Any CPU.ActiveCfg = Release|Any CPU
		{00FF892B-7589-4CAE-A9FD-D68411C3178C}.Release|Any CPU.Build.0 = Release|Any CPU
	EndGlobalSection
	GlobalSection(SolutionProperties) = preSolution
		HideSolutionNode = FALSE
	EndGlobalSection
	GlobalSection(ExtensibilityGlobals) = postSolution
		SolutionGuid = {2170E67B-D793-4AF7-BA8C-75AC2946B660}
	EndGlobalSection
EndGlobal
